
Microsoft Visual Studio Solution File, Format Version 12.00
# Visual Studio Version 17
VisualStudioVersion = 17.5.33414.496
MinimumVisualStudioVersion = 10.0.40219.1
Project("{FAE04EC0-301F-11D3-BF4B-00C04F79EFBC}") = "fibonacci", "fibonacci\fibonacci.csproj", "{C95A5856-6920-4021-B724-7C1452EE84BC}"
EndProject
Global
	GlobalSection(SolutionConfigurationPlatforms) = preSolution
		Debug|Any CPU = Debug|Any CPU
		Release|Any CPU = Release|Any CPU
	EndGlobalSection
	GlobalSection(ProjectConfigurationPlatforms) = postSolution
		{C95A5856-6920-4021-B724-7C1452EE84BC}.Debug|Any CPU.ActiveCfg = Debug|Any CPU
		{C95A5856-6920-4021-B724-7C1452EE84BC}.Debug|Any CPU.Build.0 = Debug|Any CPU
		{C95A5856-6920-4021-B724-7C1452EE84BC}.Release|Any CPU.ActiveCfg = Release|Any CPU
		{C95A5856-6920-4021-B724-7C1452EE84BC}.Release|Any CPU.Build.0 = Release|Any CPU
	EndGlobalSection
	GlobalSection(SolutionProperties) = preSolution
		HideSolutionNode = FALSE
	EndGlobalSection
	GlobalSection(ExtensibilityGlobals) = postSolution
		SolutionGuid = {9EB52CE6-0B88-4864-8CD0-5ACE60C65EB7}
	EndGlobalSection
EndGlobal
